
Microsoft Visual Studio Solution File, Format Version 12.00
# Visual Studio Version 17
VisualStudioVersion = 17.11.35017.193
MinimumVisualStudioVersion = 10.0.40219.1
Project("{FAE04EC0-301F-11D3-BF4B-00C04F79EFBC}") = "“Lab_RazorSyntax", "“Lab_RazorSyntax\“Lab_RazorSyntax.csproj", "{5DCB69C9-DF1D-44B1-BF89-366376D6EBB6}"
EndProject
Global
	GlobalSection(SolutionConfigurationPlatforms) = preSolution
		Debug|Any CPU = Debug|Any CPU
		Release|Any CPU = Release|Any CPU
	EndGlobalSection
	GlobalSection(ProjectConfigurationPlatforms) = postSolution
		{5DCB69C9-DF1D-44B1-BF89-366376D6EBB6}.Debug|Any CPU.ActiveCfg = Debug|Any CPU
		{5DCB69C9-DF1D-44B1-BF89-366376D6EBB6}.Debug|Any CPU.Build.0 = Debug|Any CPU
		{5DCB69C9-DF1D-44B1-BF89-366376D6EBB6}.Release|Any CPU.ActiveCfg = Release|Any CPU
		{5DCB69C9-DF1D-44B1-BF89-366376D6EBB6}.Release|Any CPU.Build.0 = Release|Any CPU
	EndGlobalSection
	GlobalSection(SolutionProperties) = preSolution
		HideSolutionNode = FALSE
	EndGlobalSection
	GlobalSection(ExtensibilityGlobals) = postSolution
		SolutionGuid = {A4A2313E-360C-44C9-8217-8FA868A4268B}
	EndGlobalSection
EndGlobal
